
Microsoft Visual Studio Solution File, Format Version 12.00
# Visual Studio 14
VisualStudioVersion = 14.0.23107.0
MinimumVisualStudioVersion = 10.0.40219.1
Project("{8BC9CEB8-8B4A-11D0-8D11-00A0C91BC942}") = "p133", "p133.vcxproj", "{FF377726-FACB-4F13-8CD7-8409CFF6E0F6}"
EndProject
Project("{8BC9CEB8-8B4A-11D0-8D11-00A0C91BC942}") = "p134", "..\p134\p134.vcxproj", "{CB617B98-35FA-4F2A-B3A9-E73C113E86BA}"
EndProject
Project("{8BC9CEB8-8B4A-11D0-8D11-00A0C91BC942}") = "p135", "p135\p135.vcxproj", "{F79CBFAC-7074-4ED9-8DEE-3C9212583CCB}"
EndProject
Project("{8BC9CEB8-8B4A-11D0-8D11-00A0C91BC942}") = "p136", "p136\p136.vcxproj", "{7543A75F-BCF1-4AFF-B90B-6619C93BAA3F}"
EndProject
Project("{8BC9CEB8-8B4A-11D0-8D11-00A0C91BC942}") = "p139", "p139\p139.vcxproj", "{452F9D2F-9CA8-43AB-9BFC-EDC6740D3667}"
EndProject
Project("{8BC9CEB8-8B4A-11D0-8D11-00A0C91BC942}") = "p140", "p140\p140.vcxproj", "{D567F221-F7CC-4524-A4AC-45F545351F38}"
EndProject
Project("{8BC9CEB8-8B4A-11D0-8D11-00A0C91BC942}") = "p158", "..\p158\p158.vcxproj", "{673F39C3-2851-4D93-935B-061A7F977B4E}"
EndProject
Project("{8BC9CEB8-8B4A-11D0-8D11-00A0C91BC942}") = "p162", "p162\p162.vcxproj", "{606EE86E-36FE-46E6-8C37-70C8CB99008C}"
EndProject
Project("{8BC9CEB8-8B4A-11D0-8D11-00A0C91BC942}") = "p170", "p170\p170.vcxproj", "{F9FC690E-731D-4AD0-AFB7-20611C89FF2E}"
EndProject
Project("{8BC9CEB8-8B4A-11D0-8D11-00A0C91BC942}") = "p171", "p171\p171.vcxproj", "{79DC370F-D1D2-425E-A7CF-F15656A0C5E7}"
EndProject
Project("{8BC9CEB8-8B4A-11D0-8D11-00A0C91BC942}") = "p172", "p172\p172.vcxproj", "{5FC0FE9F-7E8A-43A7-ABE2-CC8AD2B679AD}"
EndProject
Project("{8BC9CEB8-8B4A-11D0-8D11-00A0C91BC942}") = "p173", "p173\p173.vcxproj", "{ED587C7C-CA74-4482-A65E-2E5B7FF43400}"
EndProject
Project("{8BC9CEB8-8B4A-11D0-8D11-00A0C91BC942}") = "p175", "..\p175\p175.vcxproj", "{D7CA7764-1E78-4668-8215-DB1D745B6F12}"
EndProject
Project("{8BC9CEB8-8B4A-11D0-8D11-00A0C91BC942}") = "p178", "p178\p178.vcxproj", "{577B4AC5-AA24-4C8E-A16E-855324716E97}"
EndProject
Global
	GlobalSection(SolutionConfigurationPlatforms) = preSolution
		Debug|x64 = Debug|x64
		Debug|x86 = Debug|x86
		Release|x64 = Release|x64
		Release|x86 = Release|x86
	EndGlobalSection
	GlobalSection(ProjectConfigurationPlatforms) = postSolution
		{FF377726-FACB-4F13-8CD7-8409CFF6E0F6}.Debug|x64.ActiveCfg = Debug|x64
		{FF377726-FACB-4F13-8CD7-8409CFF6E0F6}.Debug|x64.Build.0 = Debug|x64
		{FF377726-FACB-4F13-8CD7-8409CFF6E0F6}.Debug|x86.ActiveCfg = Debug|Win32
		{FF377726-FACB-4F13-8CD7-8409CFF6E0F6}.Debug|x86.Build.0 = Debug|Win32
		{FF377726-FACB-4F13-8CD7-8409CFF6E0F6}.Release|x64.ActiveCfg = Release|x64
		{FF377726-FACB-4F13-8CD7-8409CFF6E0F6}.Release|x64.Build.0 = Release|x64
		{FF377726-FACB-4F13-8CD7-8409CFF6E0F6}.Release|x86.ActiveCfg = Release|Win32
		{FF377726-FACB-4F13-8CD7-8409CFF6E0F6}.Release|x86.Build.0 = Release|Win32
		{CB617B98-35FA-4F2A-B3A9-E73C113E86BA}.Debug|x64.ActiveCfg = Debug|x64
		{CB617B98-35FA-4F2A-B3A9-E73C113E86BA}.Debug|x64.Build.0 = Debug|x64
		{CB617B98-35FA-4F2A-B3A9-E73C113E86BA}.Debug|x86.ActiveCfg = Debug|Win32
		{CB617B98-35FA-4F2A-B3A9-E73C113E86BA}.Debug|x86.Build.0 = Debug|Win32
		{CB617B98-35FA-4F2A-B3A9-E73C113E86BA}.Release|x64.ActiveCfg = Release|x64
		{CB617B98-35FA-4F2A-B3A9-E73C113E86BA}.Release|x64.Build.0 = Release|x64
		{CB617B98-35FA-4F2A-B3A9-E73C113E86BA}.Release|x86.ActiveCfg = Release|Win32
		{CB617B98-35FA-4F2A-B3A9-E73C113E86BA}.Release|x86.Build.0 = Release|Win32
		{F79CBFAC-7074-4ED9-8DEE-3C9212583CCB}.Debug|x64.ActiveCfg = Debug|x64
		{F79CBFAC-7074-4ED9-8DEE-3C9212583CCB}.Debug|x64.Build.0 = Debug|x64
		{F79CBFAC-7074-4ED9-8DEE-3C9212583CCB}.Debug|x86.ActiveCfg = Debug|Win32
		{F79CBFAC-7074-4ED9-8DEE-3C9212583CCB}.Debug|x86.Build.0 = Debug|Win32
		{F79CBFAC-7074-4ED9-8DEE-3C9212583CCB}.Release|x64.ActiveCfg = Release|x64
		{F79CBFAC-7074-4ED9-8DEE-3C9212583CCB}.Release|x64.Build.0 = Release|x64
		{F79CBFAC-7074-4ED9-8DEE-3C9212583CCB}.Release|x86.ActiveCfg = Release|Win32
		{F79CBFAC-7074-4ED9-8DEE-3C9212583CCB}.Release|x86.Build.0 = Release|Win32
		{7543A75F-BCF1-4AFF-B90B-6619C93BAA3F}.Debug|x64.ActiveCfg = Debug|x64
		{7543A75F-BCF1-4AFF-B90B-6619C93BAA3F}.Debug|x64.Build.0 = Debug|x64
		{7543A75F-BCF1-4AFF-B90B-6619C93BAA3F}.Debug|x86.ActiveCfg = Debug|Win32
		{7543A75F-BCF1-4AFF-B90B-6619C93BAA3F}.Debug|x86.Build.0 = Debug|Win32
		{7543A75F-BCF1-4AFF-B90B-6619C93BAA3F}.Release|x64.ActiveCfg = Release|x64
		{7543A75F-BCF1-4AFF-B90B-6619C93BAA3F}.Release|x64.Build.0 = Release|x64
		{7543A75F-BCF1-4AFF-B90B-6619C93BAA3F}.Release|x86.ActiveCfg = Release|Win32
		{7543A75F-BCF1-4AFF-B90B-6619C93BAA3F}.Release|x86.Build.0 = Release|Win32
		{452F9D2F-9CA8-43AB-9BFC-EDC6740D3667}.Debug|x64.ActiveCfg = Debug|x64
		{452F9D2F-9CA8-43AB-9BFC-EDC6740D3667}.Debug|x64.Build.0 = Debug|x64
		{452F9D2F-9CA8-43AB-9BFC-EDC6740D3667}.Debug|x86.ActiveCfg = Debug|Win32
		{452F9D2F-9CA8-43AB-9BFC-EDC6740D3667}.Debug|x86.Build.0 = Debug|Win32
		{452F9D2F-9CA8-43AB-9BFC-EDC6740D3667}.Release|x64.ActiveCfg = Release|x64
		{452F9D2F-9CA8-43AB-9BFC-EDC6740D3667}.Release|x64.Build.0 = Release|x64
		{452F9D2F-9CA8-43AB-9BFC-EDC6740D3667}.Release|x86.ActiveCfg = Release|Win32
		{452F9D2F-9CA8-43AB-9BFC-EDC6740D3667}.Release|x86.Build.0 = Release|Win32
		{D567F221-F7CC-4524-A4AC-45F545351F38}.Debug|x64.ActiveCfg = Debug|x64
		{D567F221-F7CC-4524-A4AC-45F545351F38}.Debug|x64.Build.0 = Debug|x64
		{D567F221-F7CC-4524-A4AC-45F545351F38}.Debug|x86.ActiveCfg = Debug|Win32
		{D567F221-F7CC-4524-A4AC-45F545351F38}.Debug|x86.Build.0 = Debug|Win32
		{D567F221-F7CC-4524-A4AC-45F545351F38}.Release|x64.ActiveCfg = Release|x64
		{D567F221-F7CC-4524-A4AC-45F545351F38}.Release|x64.Build.0 = Release|x64
		{D567F221-F7CC-4524-A4AC-45F545351F38}.Release|x86.ActiveCfg = Release|Win32
		{D567F221-F7CC-4524-A4AC-45F545351F38}.Release|x86.Build.0 = Release|Win32
		{673F39C3-2851-4D93-935B-061A7F977B4E}.Debug|x64.ActiveCfg = Debug|x64
		{673F39C3-2851-4D93-935B-061A7F977B4E}.Debug|x64.Build.0 = Debug|x64
		{673F39C3-2851-4D93-935B-061A7F977B4E}.Debug|x86.ActiveCfg = Debug|Win32
		{673F39C3-2851-4D93-935B-061A7F977B4E}.Debug|x86.Build.0 = Debug|Win32
		{673F39C3-2851-4D93-935B-061A7F977B4E}.Release|x64.ActiveCfg = Release|x64
		{673F39C3-2851-4D93-935B-061A7F977B4E}.Release|x64.Build.0 = Release|x64
		{673F39C3-2851-4D93-935B-061A7F977B4E}.Release|x86.ActiveCfg = Release|Win32
		{673F39C3-2851-4D93-935B-061A7F977B4E}.Release|x86.Build.0 = Release|Win32
		{606EE86E-36FE-46E6-8C37-70C8CB99008C}.Debug|x64.ActiveCfg = Debug|x64
		{606EE86E-36FE-46E6-8C37-70C8CB99008C}.Debug|x64.Build.0 = Debug|x64
		{606EE86E-36FE-46E6-8C37-70C8CB99008C}.Debug|x86.ActiveCfg = Debug|Win32
		{606EE86E-36FE-46E6-8C37-70C8CB99008C}.Debug|x86.Build.0 = Debug|Win32
		{606EE86E-36FE-46E6-8C37-70C8CB99008C}.Release|x64.ActiveCfg = Release|x64
		{606EE86E-36FE-46E6-8C37-70C8CB99008C}.Release|x64.Build.0 = Release|x64
		{606EE86E-36FE-46E6-8C37-70C8CB99008C}.Release|x86.ActiveCfg = Release|Win32
		{606EE86E-36FE-46E6-8C37-70C8CB99008C}.Release|x86.Build.0 = Release|Win32
		{F9FC690E-731D-4AD0-AFB7-20611C89FF2E}.Debug|x64.ActiveCfg = Debug|x64
		{F9FC690E-731D-4AD0-AFB7-20611C89FF2E}.Debug|x64.Build.0 = Debug|x64
		{F9FC690E-731D-4AD0-AFB7-20611C89FF2E}.Debug|x86.ActiveCfg = Debug|Win32
		{F9FC690E-731D-4AD0-AFB7-20611C89FF2E}.Debug|x86.Build.0 = Debug|Win32
		{F9FC690E-731D-4AD0-AFB7-20611C89FF2E}.Release|x64.ActiveCfg = Release|x64
		{F9FC690E-731D-4AD0-AFB7-20611C89FF2E}.Release|x64.Build.0 = Release|x64
		{F9FC690E-731D-4AD0-AFB7-20611C89FF2E}.Release|x86.ActiveCfg = Release|Win32
		{F9FC690E-731D-4AD0-AFB7-20611C89FF2E}.Release|x86.Build.0 = Release|Win32
		{79DC370F-D1D2-425E-A7CF-F15656A0C5E7}.Debug|x64.ActiveCfg = Debug|x64
		{79DC370F-D1D2-425E-A7CF-F15656A0C5E7}.Debug|x64.Build.0 = Debug|x64
		{79DC370F-D1D2-425E-A7CF-F15656A0C5E7}.Debug|x86.ActiveCfg = Debug|Win32
		{79DC370F-D1D2-425E-A7CF-F15656A0C5E7}.Debug|x86.Build.0 = Debug|Win32
		{79DC370F-D1D2-425E-A7CF-F15656A0C5E7}.Release|x64.ActiveCfg = Release|x64
		{79DC370F-D1D2-425E-A7CF-F15656A0C5E7}.Release|x64.Build.0 = Release|x64
		{79DC370F-D1D2-425E-A7CF-F15656A0C5E7}.Release|x86.ActiveCfg = Release|Win32
		{79DC370F-D1D2-425E-A7CF-F15656A0C5E7}.Release|x86.Build.0 = Release|Win32
		{5FC0FE9F-7E8A-43A7-ABE2-CC8AD2B679AD}.Debug|x64.ActiveCfg = Debug|x64
		{5FC0FE9F-7E8A-43A7-ABE2-CC8AD2B679AD}.Debug|x64.Build.0 = Debug|x64
		{5FC0FE9F-7E8A-43A7-ABE2-CC8AD2B679AD}.Debug|x86.ActiveCfg = Debug|Win32
		{5FC0FE9F-7E8A-43A7-ABE2-CC8AD2B679AD}.Debug|x86.Build.0 = Debug|Win32
		{5FC0FE9F-7E8A-43A7-ABE2-CC8AD2B679AD}.Release|x64.ActiveCfg = Release|x64
		{5FC0FE9F-7E8A-43A7-ABE2-CC8AD2B679AD}.Release|x64.Build.0 = Release|x64
		{5FC0FE9F-7E8A-43A7-ABE2-CC8AD2B679AD}.Release|x86.ActiveCfg = Release|Win32
		{5FC0FE9F-7E8A-43A7-ABE2-CC8AD2B679AD}.Release|x86.Build.0 = Release|Win32
		{ED587C7C-CA74-4482-A65E-2E5B7FF43400}.Debug|x64.ActiveCfg = Debug|x64
		{ED587C7C-CA74-4482-A65E-2E5B7FF43400}.Debug|x64.Build.0 = Debug|x64
		{ED587C7C-CA74-4482-A65E-2E5B7FF43400}.Debug|x86.ActiveCfg = Debug|Win32
		{ED587C7C-CA74-4482-A65E-2E5B7FF43400}.Debug|x86.Build.0 = Debug|Win32
		{ED587C7C-CA74-4482-A65E-2E5B7FF43400}.Release|x64.ActiveCfg = Release|x64
		{ED587C7C-CA74-4482-A65E-2E5B7FF43400}.Release|x64.Build.0 = Release|x64
		{ED587C7C-CA74-4482-A65E-2E5B7FF43400}.Release|x86.ActiveCfg = Release|Win32
		{ED587C7C-CA74-4482-A65E-2E5B7FF43400}.Release|x86.Build.0 = Release|Win32
		{D7CA7764-1E78-4668-8215-DB1D745B6F12}.Debug|x64.ActiveCfg = Debug|x64
		{D7CA7764-1E78-4668-8215-DB1D745B6F12}.Debug|x64.Build.0 = Debug|x64
		{D7CA7764-1E78-4668-8215-DB1D745B6F12}.Debug|x86.ActiveCfg = Debug|Win32
		{D7CA7764-1E78-4668-8215-DB1D745B6F12}.Debug|x86.Build.0 = Debug|Win32
		{D7CA7764-1E78-4668-8215-DB1D745B6F12}.Release|x64.ActiveCfg = Release|x64
		{D7CA7764-1E78-4668-8215-DB1D745B6F12}.Release|x64.Build.0 = Release|x64
		{D7CA7764-1E78-4668-8215-DB1D745B6F12}.Release|x86.ActiveCfg = Release|Win32
		{D7CA7764-1E78-4668-8215-DB1D745B6F12}.Release|x86.Build.0 = Release|Win32
		{577B4AC5-AA24-4C8E-A16E-855324716E97}.Debug|x64.ActiveCfg = Debug|x64
		{577B4AC5-AA24-4C8E-A16E-855324716E97}.Debug|x64.Build.0 = Debug|x64
		{577B4AC5-AA24-4C8E-A16E-855324716E97}.Debug|x86.ActiveCfg = Debug|Win32
		{577B4AC5-AA24-4C8E-A16E-855324716E97}.Debug|x86.Build.0 = Debug|Win32
		{577B4AC5-AA24-4C8E-A16E-855324716E97}.Release|x64.ActiveCfg = Release|x64
		{577B4AC5-AA24-4C8E-A16E-855324716E97}.Release|x64.Build.0 = Release|x64
		{577B4AC5-AA24-4C8E-A16E-855324716E97}.Release|x86.ActiveCfg = Release|Win32
		{577B4AC5-AA24-4C8E-A16E-855324716E97}.Release|x86.Build.0 = Release|Win32
	EndGlobalSection
	GlobalSection(SolutionProperties) = preSolution
		HideSolutionNode = FALSE
	EndGlobalSection
EndGlobal
