
Microsoft Visual Studio Solution File, Format Version 12.00
# Visual Studio 14
VisualStudioVersion = 14.0.23107.0
MinimumVisualStudioVersion = 10.0.40219.1
Project("{8BC9CEB8-8B4A-11D0-8D11-00A0C91BC942}") = "p96", "p96.vcxproj", "{A8E63030-D30E-43FA-ABE9-9D262743E8BC}"
EndProject
Project("{8BC9CEB8-8B4A-11D0-8D11-00A0C91BC942}") = "p101", "..\p101\p101.vcxproj", "{04F1EB2C-7845-4F06-872D-FE66555AFC61}"
EndProject
Project("{8BC9CEB8-8B4A-11D0-8D11-00A0C91BC942}") = "p102", "..\p102\p102.vcxproj", "{D1B72323-DAD7-4F76-86B2-A773CE508A48}"
EndProject
Project("{8BC9CEB8-8B4A-11D0-8D11-00A0C91BC942}") = "p106", "..\p106\p106.vcxproj", "{16034276-29E5-4A1D-89F3-794EE518E9E1}"
EndProject
Project("{8BC9CEB8-8B4A-11D0-8D11-00A0C91BC942}") = "p108", "..\p108\p108.vcxproj", "{BCA0AD1A-6018-4DC1-A4C7-D9AE0364AB06}"
EndProject
Project("{8BC9CEB8-8B4A-11D0-8D11-00A0C91BC942}") = "p109", "..\p109\p109.vcxproj", "{6CE93BCB-1A2B-4470-9EEE-844EE4E2CECC}"
EndProject
Project("{8BC9CEB8-8B4A-11D0-8D11-00A0C91BC942}") = "p111", "..\p111\p111.vcxproj", "{550B8BE5-A95F-4202-8FED-B42E6CCDF7F4}"
EndProject
Global
	GlobalSection(SolutionConfigurationPlatforms) = preSolution
		Debug|x64 = Debug|x64
		Debug|x86 = Debug|x86
		Release|x64 = Release|x64
		Release|x86 = Release|x86
	EndGlobalSection
	GlobalSection(ProjectConfigurationPlatforms) = postSolution
		{A8E63030-D30E-43FA-ABE9-9D262743E8BC}.Debug|x64.ActiveCfg = Debug|x64
		{A8E63030-D30E-43FA-ABE9-9D262743E8BC}.Debug|x64.Build.0 = Debug|x64
		{A8E63030-D30E-43FA-ABE9-9D262743E8BC}.Debug|x86.ActiveCfg = Debug|Win32
		{A8E63030-D30E-43FA-ABE9-9D262743E8BC}.Debug|x86.Build.0 = Debug|Win32
		{A8E63030-D30E-43FA-ABE9-9D262743E8BC}.Release|x64.ActiveCfg = Release|x64
		{A8E63030-D30E-43FA-ABE9-9D262743E8BC}.Release|x64.Build.0 = Release|x64
		{A8E63030-D30E-43FA-ABE9-9D262743E8BC}.Release|x86.ActiveCfg = Release|Win32
		{A8E63030-D30E-43FA-ABE9-9D262743E8BC}.Release|x86.Build.0 = Release|Win32
		{04F1EB2C-7845-4F06-872D-FE66555AFC61}.Debug|x64.ActiveCfg = Debug|x64
		{04F1EB2C-7845-4F06-872D-FE66555AFC61}.Debug|x64.Build.0 = Debug|x64
		{04F1EB2C-7845-4F06-872D-FE66555AFC61}.Debug|x86.ActiveCfg = Debug|Win32
		{04F1EB2C-7845-4F06-872D-FE66555AFC61}.Debug|x86.Build.0 = Debug|Win32
		{04F1EB2C-7845-4F06-872D-FE66555AFC61}.Release|x64.ActiveCfg = Release|x64
		{04F1EB2C-7845-4F06-872D-FE66555AFC61}.Release|x64.Build.0 = Release|x64
		{04F1EB2C-7845-4F06-872D-FE66555AFC61}.Release|x86.ActiveCfg = Release|Win32
		{04F1EB2C-7845-4F06-872D-FE66555AFC61}.Release|x86.Build.0 = Release|Win32
		{D1B72323-DAD7-4F76-86B2-A773CE508A48}.Debug|x64.ActiveCfg = Debug|x64
		{D1B72323-DAD7-4F76-86B2-A773CE508A48}.Debug|x64.Build.0 = Debug|x64
		{D1B72323-DAD7-4F76-86B2-A773CE508A48}.Debug|x86.ActiveCfg = Debug|Win32
		{D1B72323-DAD7-4F76-86B2-A773CE508A48}.Debug|x86.Build.0 = Debug|Win32
		{D1B72323-DAD7-4F76-86B2-A773CE508A48}.Release|x64.ActiveCfg = Release|x64
		{D1B72323-DAD7-4F76-86B2-A773CE508A48}.Release|x64.Build.0 = Release|x64
		{D1B72323-DAD7-4F76-86B2-A773CE508A48}.Release|x86.ActiveCfg = Release|Win32
		{D1B72323-DAD7-4F76-86B2-A773CE508A48}.Release|x86.Build.0 = Release|Win32
		{16034276-29E5-4A1D-89F3-794EE518E9E1}.Debug|x64.ActiveCfg = Debug|x64
		{16034276-29E5-4A1D-89F3-794EE518E9E1}.Debug|x64.Build.0 = Debug|x64
		{16034276-29E5-4A1D-89F3-794EE518E9E1}.Debug|x86.ActiveCfg = Debug|Win32
		{16034276-29E5-4A1D-89F3-794EE518E9E1}.Debug|x86.Build.0 = Debug|Win32
		{16034276-29E5-4A1D-89F3-794EE518E9E1}.Release|x64.ActiveCfg = Release|x64
		{16034276-29E5-4A1D-89F3-794EE518E9E1}.Release|x64.Build.0 = Release|x64
		{16034276-29E5-4A1D-89F3-794EE518E9E1}.Release|x86.ActiveCfg = Release|Win32
		{16034276-29E5-4A1D-89F3-794EE518E9E1}.Release|x86.Build.0 = Release|Win32
		{BCA0AD1A-6018-4DC1-A4C7-D9AE0364AB06}.Debug|x64.ActiveCfg = Debug|x64
		{BCA0AD1A-6018-4DC1-A4C7-D9AE0364AB06}.Debug|x64.Build.0 = Debug|x64
		{BCA0AD1A-6018-4DC1-A4C7-D9AE0364AB06}.Debug|x86.ActiveCfg = Debug|Win32
		{BCA0AD1A-6018-4DC1-A4C7-D9AE0364AB06}.Debug|x86.Build.0 = Debug|Win32
		{BCA0AD1A-6018-4DC1-A4C7-D9AE0364AB06}.Release|x64.ActiveCfg = Release|x64
		{BCA0AD1A-6018-4DC1-A4C7-D9AE0364AB06}.Release|x64.Build.0 = Release|x64
		{BCA0AD1A-6018-4DC1-A4C7-D9AE0364AB06}.Release|x86.ActiveCfg = Release|Win32
		{BCA0AD1A-6018-4DC1-A4C7-D9AE0364AB06}.Release|x86.Build.0 = Release|Win32
		{6CE93BCB-1A2B-4470-9EEE-844EE4E2CECC}.Debug|x64.ActiveCfg = Debug|x64
		{6CE93BCB-1A2B-4470-9EEE-844EE4E2CECC}.Debug|x64.Build.0 = Debug|x64
		{6CE93BCB-1A2B-4470-9EEE-844EE4E2CECC}.Debug|x86.ActiveCfg = Debug|Win32
		{6CE93BCB-1A2B-4470-9EEE-844EE4E2CECC}.Debug|x86.Build.0 = Debug|Win32
		{6CE93BCB-1A2B-4470-9EEE-844EE4E2CECC}.Release|x64.ActiveCfg = Release|x64
		{6CE93BCB-1A2B-4470-9EEE-844EE4E2CECC}.Release|x64.Build.0 = Release|x64
		{6CE93BCB-1A2B-4470-9EEE-844EE4E2CECC}.Release|x86.ActiveCfg = Release|Win32
		{6CE93BCB-1A2B-4470-9EEE-844EE4E2CECC}.Release|x86.Build.0 = Release|Win32
		{550B8BE5-A95F-4202-8FED-B42E6CCDF7F4}.Debug|x64.ActiveCfg = Debug|x64
		{550B8BE5-A95F-4202-8FED-B42E6CCDF7F4}.Debug|x64.Build.0 = Debug|x64
		{550B8BE5-A95F-4202-8FED-B42E6CCDF7F4}.Debug|x86.ActiveCfg = Debug|Win32
		{550B8BE5-A95F-4202-8FED-B42E6CCDF7F4}.Debug|x86.Build.0 = Debug|Win32
		{550B8BE5-A95F-4202-8FED-B42E6CCDF7F4}.Release|x64.ActiveCfg = Release|x64
		{550B8BE5-A95F-4202-8FED-B42E6CCDF7F4}.Release|x64.Build.0 = Release|x64
		{550B8BE5-A95F-4202-8FED-B42E6CCDF7F4}.Release|x86.ActiveCfg = Release|Win32
		{550B8BE5-A95F-4202-8FED-B42E6CCDF7F4}.Release|x86.Build.0 = Release|Win32
	EndGlobalSection
	GlobalSection(SolutionProperties) = preSolution
		HideSolutionNode = FALSE
	EndGlobalSection
EndGlobal
