
Microsoft Visual Studio Solution File, Format Version 12.00
# Visual Studio 14
VisualStudioVersion = 14.0.23107.0
MinimumVisualStudioVersion = 10.0.40219.1
Project("{8BC9CEB8-8B4A-11D0-8D11-00A0C91BC942}") = "p158", "p158.vcxproj", "{673F39C3-2851-4D93-935B-061A7F977B4E}"
EndProject
Project("{8BC9CEB8-8B4A-11D0-8D11-00A0C91BC942}") = "p175", "..\p175\p175.vcxproj", "{D7CA7764-1E78-4668-8215-DB1D745B6F12}"
EndProject
Project("{8BC9CEB8-8B4A-11D0-8D11-00A0C91BC942}") = "p162", "..\p162\p162.vcxproj", "{E57F1F5C-61AC-4D48-A9E6-D9D515E21C6D}"
EndProject
Project("{8BC9CEB8-8B4A-11D0-8D11-00A0C91BC942}") = "p170", "p170\p170.vcxproj", "{BB892C90-576B-4C12-A1FA-206A2E619F27}"
EndProject
Project("{8BC9CEB8-8B4A-11D0-8D11-00A0C91BC942}") = "p172", "p172\p172.vcxproj", "{82314E9B-3746-4025-86E6-1C5BD8D5B204}"
EndProject
Project("{8BC9CEB8-8B4A-11D0-8D11-00A0C91BC942}") = "p173", "p173\p173.vcxproj", "{F28A79AB-F37E-46A2-B3AE-EC55B2864885}"
EndProject
Project("{8BC9CEB8-8B4A-11D0-8D11-00A0C91BC942}") = "p178", "p178\p178.vcxproj", "{901574FC-5B48-4427-922B-731347573428}"
EndProject
Project("{8BC9CEB8-8B4A-11D0-8D11-00A0C91BC942}") = "p182", "p182\p182.vcxproj", "{AE2F7EC5-AC88-40CF-868B-13949A8D64FB}"
EndProject
Project("{8BC9CEB8-8B4A-11D0-8D11-00A0C91BC942}") = "p185", "p185\p185.vcxproj", "{A52B9AD7-9FEA-4E73-B249-7CA64B0838EE}"
EndProject
Project("{8BC9CEB8-8B4A-11D0-8D11-00A0C91BC942}") = "p188", "p188\p188.vcxproj", "{1D7D99E5-C1B3-44DE-BE02-881C2B5E000F}"
EndProject
Project("{8BC9CEB8-8B4A-11D0-8D11-00A0C91BC942}") = "p190", "p190\p190.vcxproj", "{00A10AE0-5457-4A03-94F0-2482003E8906}"
EndProject
Project("{8BC9CEB8-8B4A-11D0-8D11-00A0C91BC942}") = "p193", "p193\p193.vcxproj", "{874F2651-84BD-4D2D-A871-54840267B388}"
EndProject
Project("{8BC9CEB8-8B4A-11D0-8D11-00A0C91BC942}") = "p196", "p196\p196.vcxproj", "{5331834A-D1BF-45FC-ABBF-835BE9C16D29}"
EndProject
Project("{8BC9CEB8-8B4A-11D0-8D11-00A0C91BC942}") = "p171", "p171\p171.vcxproj", "{DC190861-D565-405C-836F-6DB082CC95B2}"
EndProject
Global
	GlobalSection(SolutionConfigurationPlatforms) = preSolution
		Debug|x64 = Debug|x64
		Debug|x86 = Debug|x86
		Release|x64 = Release|x64
		Release|x86 = Release|x86
	EndGlobalSection
	GlobalSection(ProjectConfigurationPlatforms) = postSolution
		{673F39C3-2851-4D93-935B-061A7F977B4E}.Debug|x64.ActiveCfg = Debug|x64
		{673F39C3-2851-4D93-935B-061A7F977B4E}.Debug|x64.Build.0 = Debug|x64
		{673F39C3-2851-4D93-935B-061A7F977B4E}.Debug|x86.ActiveCfg = Debug|Win32
		{673F39C3-2851-4D93-935B-061A7F977B4E}.Debug|x86.Build.0 = Debug|Win32
		{673F39C3-2851-4D93-935B-061A7F977B4E}.Release|x64.ActiveCfg = Release|x64
		{673F39C3-2851-4D93-935B-061A7F977B4E}.Release|x64.Build.0 = Release|x64
		{673F39C3-2851-4D93-935B-061A7F977B4E}.Release|x86.ActiveCfg = Release|Win32
		{673F39C3-2851-4D93-935B-061A7F977B4E}.Release|x86.Build.0 = Release|Win32
		{D7CA7764-1E78-4668-8215-DB1D745B6F12}.Debug|x64.ActiveCfg = Debug|x64
		{D7CA7764-1E78-4668-8215-DB1D745B6F12}.Debug|x64.Build.0 = Debug|x64
		{D7CA7764-1E78-4668-8215-DB1D745B6F12}.Debug|x86.ActiveCfg = Debug|Win32
		{D7CA7764-1E78-4668-8215-DB1D745B6F12}.Debug|x86.Build.0 = Debug|Win32
		{D7CA7764-1E78-4668-8215-DB1D745B6F12}.Release|x64.ActiveCfg = Release|x64
		{D7CA7764-1E78-4668-8215-DB1D745B6F12}.Release|x64.Build.0 = Release|x64
		{D7CA7764-1E78-4668-8215-DB1D745B6F12}.Release|x86.ActiveCfg = Release|Win32
		{D7CA7764-1E78-4668-8215-DB1D745B6F12}.Release|x86.Build.0 = Release|Win32
		{E57F1F5C-61AC-4D48-A9E6-D9D515E21C6D}.Debug|x64.ActiveCfg = Debug|x64
		{E57F1F5C-61AC-4D48-A9E6-D9D515E21C6D}.Debug|x64.Build.0 = Debug|x64
		{E57F1F5C-61AC-4D48-A9E6-D9D515E21C6D}.Debug|x86.ActiveCfg = Debug|Win32
		{E57F1F5C-61AC-4D48-A9E6-D9D515E21C6D}.Debug|x86.Build.0 = Debug|Win32
		{E57F1F5C-61AC-4D48-A9E6-D9D515E21C6D}.Release|x64.ActiveCfg = Release|x64
		{E57F1F5C-61AC-4D48-A9E6-D9D515E21C6D}.Release|x64.Build.0 = Release|x64
		{E57F1F5C-61AC-4D48-A9E6-D9D515E21C6D}.Release|x86.ActiveCfg = Release|Win32
		{E57F1F5C-61AC-4D48-A9E6-D9D515E21C6D}.Release|x86.Build.0 = Release|Win32
		{BB892C90-576B-4C12-A1FA-206A2E619F27}.Debug|x64.ActiveCfg = Debug|x64
		{BB892C90-576B-4C12-A1FA-206A2E619F27}.Debug|x64.Build.0 = Debug|x64
		{BB892C90-576B-4C12-A1FA-206A2E619F27}.Debug|x86.ActiveCfg = Debug|Win32
		{BB892C90-576B-4C12-A1FA-206A2E619F27}.Debug|x86.Build.0 = Debug|Win32
		{BB892C90-576B-4C12-A1FA-206A2E619F27}.Release|x64.ActiveCfg = Release|x64
		{BB892C90-576B-4C12-A1FA-206A2E619F27}.Release|x64.Build.0 = Release|x64
		{BB892C90-576B-4C12-A1FA-206A2E619F27}.Release|x86.ActiveCfg = Release|Win32
		{BB892C90-576B-4C12-A1FA-206A2E619F27}.Release|x86.Build.0 = Release|Win32
		{82314E9B-3746-4025-86E6-1C5BD8D5B204}.Debug|x64.ActiveCfg = Debug|x64
		{82314E9B-3746-4025-86E6-1C5BD8D5B204}.Debug|x64.Build.0 = Debug|x64
		{82314E9B-3746-4025-86E6-1C5BD8D5B204}.Debug|x86.ActiveCfg = Debug|Win32
		{82314E9B-3746-4025-86E6-1C5BD8D5B204}.Debug|x86.Build.0 = Debug|Win32
		{82314E9B-3746-4025-86E6-1C5BD8D5B204}.Release|x64.ActiveCfg = Release|x64
		{82314E9B-3746-4025-86E6-1C5BD8D5B204}.Release|x64.Build.0 = Release|x64
		{82314E9B-3746-4025-86E6-1C5BD8D5B204}.Release|x86.ActiveCfg = Release|Win32
		{82314E9B-3746-4025-86E6-1C5BD8D5B204}.Release|x86.Build.0 = Release|Win32
		{F28A79AB-F37E-46A2-B3AE-EC55B2864885}.Debug|x64.ActiveCfg = Debug|x64
		{F28A79AB-F37E-46A2-B3AE-EC55B2864885}.Debug|x64.Build.0 = Debug|x64
		{F28A79AB-F37E-46A2-B3AE-EC55B2864885}.Debug|x86.ActiveCfg = Debug|Win32
		{F28A79AB-F37E-46A2-B3AE-EC55B2864885}.Debug|x86.Build.0 = Debug|Win32
		{F28A79AB-F37E-46A2-B3AE-EC55B2864885}.Release|x64.ActiveCfg = Release|x64
		{F28A79AB-F37E-46A2-B3AE-EC55B2864885}.Release|x64.Build.0 = Release|x64
		{F28A79AB-F37E-46A2-B3AE-EC55B2864885}.Release|x86.ActiveCfg = Release|Win32
		{F28A79AB-F37E-46A2-B3AE-EC55B2864885}.Release|x86.Build.0 = Release|Win32
		{901574FC-5B48-4427-922B-731347573428}.Debug|x64.ActiveCfg = Debug|x64
		{901574FC-5B48-4427-922B-731347573428}.Debug|x64.Build.0 = Debug|x64
		{901574FC-5B48-4427-922B-731347573428}.Debug|x86.ActiveCfg = Debug|Win32
		{901574FC-5B48-4427-922B-731347573428}.Debug|x86.Build.0 = Debug|Win32
		{901574FC-5B48-4427-922B-731347573428}.Release|x64.ActiveCfg = Release|x64
		{901574FC-5B48-4427-922B-731347573428}.Release|x64.Build.0 = Release|x64
		{901574FC-5B48-4427-922B-731347573428}.Release|x86.ActiveCfg = Release|Win32
		{901574FC-5B48-4427-922B-731347573428}.Release|x86.Build.0 = Release|Win32
		{AE2F7EC5-AC88-40CF-868B-13949A8D64FB}.Debug|x64.ActiveCfg = Debug|x64
		{AE2F7EC5-AC88-40CF-868B-13949A8D64FB}.Debug|x64.Build.0 = Debug|x64
		{AE2F7EC5-AC88-40CF-868B-13949A8D64FB}.Debug|x86.ActiveCfg = Debug|Win32
		{AE2F7EC5-AC88-40CF-868B-13949A8D64FB}.Debug|x86.Build.0 = Debug|Win32
		{AE2F7EC5-AC88-40CF-868B-13949A8D64FB}.Release|x64.ActiveCfg = Release|x64
		{AE2F7EC5-AC88-40CF-868B-13949A8D64FB}.Release|x64.Build.0 = Release|x64
		{AE2F7EC5-AC88-40CF-868B-13949A8D64FB}.Release|x86.ActiveCfg = Release|Win32
		{AE2F7EC5-AC88-40CF-868B-13949A8D64FB}.Release|x86.Build.0 = Release|Win32
		{A52B9AD7-9FEA-4E73-B249-7CA64B0838EE}.Debug|x64.ActiveCfg = Debug|x64
		{A52B9AD7-9FEA-4E73-B249-7CA64B0838EE}.Debug|x64.Build.0 = Debug|x64
		{A52B9AD7-9FEA-4E73-B249-7CA64B0838EE}.Debug|x86.ActiveCfg = Debug|Win32
		{A52B9AD7-9FEA-4E73-B249-7CA64B0838EE}.Debug|x86.Build.0 = Debug|Win32
		{A52B9AD7-9FEA-4E73-B249-7CA64B0838EE}.Release|x64.ActiveCfg = Release|x64
		{A52B9AD7-9FEA-4E73-B249-7CA64B0838EE}.Release|x64.Build.0 = Release|x64
		{A52B9AD7-9FEA-4E73-B249-7CA64B0838EE}.Release|x86.ActiveCfg = Release|Win32
		{A52B9AD7-9FEA-4E73-B249-7CA64B0838EE}.Release|x86.Build.0 = Release|Win32
		{1D7D99E5-C1B3-44DE-BE02-881C2B5E000F}.Debug|x64.ActiveCfg = Debug|x64
		{1D7D99E5-C1B3-44DE-BE02-881C2B5E000F}.Debug|x64.Build.0 = Debug|x64
		{1D7D99E5-C1B3-44DE-BE02-881C2B5E000F}.Debug|x86.ActiveCfg = Debug|Win32
		{1D7D99E5-C1B3-44DE-BE02-881C2B5E000F}.Debug|x86.Build.0 = Debug|Win32
		{1D7D99E5-C1B3-44DE-BE02-881C2B5E000F}.Release|x64.ActiveCfg = Release|x64
		{1D7D99E5-C1B3-44DE-BE02-881C2B5E000F}.Release|x64.Build.0 = Release|x64
		{1D7D99E5-C1B3-44DE-BE02-881C2B5E000F}.Release|x86.ActiveCfg = Release|Win32
		{1D7D99E5-C1B3-44DE-BE02-881C2B5E000F}.Release|x86.Build.0 = Release|Win32
		{00A10AE0-5457-4A03-94F0-2482003E8906}.Debug|x64.ActiveCfg = Debug|x64
		{00A10AE0-5457-4A03-94F0-2482003E8906}.Debug|x64.Build.0 = Debug|x64
		{00A10AE0-5457-4A03-94F0-2482003E8906}.Debug|x86.ActiveCfg = Debug|Win32
		{00A10AE0-5457-4A03-94F0-2482003E8906}.Debug|x86.Build.0 = Debug|Win32
		{00A10AE0-5457-4A03-94F0-2482003E8906}.Release|x64.ActiveCfg = Release|x64
		{00A10AE0-5457-4A03-94F0-2482003E8906}.Release|x64.Build.0 = Release|x64
		{00A10AE0-5457-4A03-94F0-2482003E8906}.Release|x86.ActiveCfg = Release|Win32
		{00A10AE0-5457-4A03-94F0-2482003E8906}.Release|x86.Build.0 = Release|Win32
		{874F2651-84BD-4D2D-A871-54840267B388}.Debug|x64.ActiveCfg = Debug|x64
		{874F2651-84BD-4D2D-A871-54840267B388}.Debug|x64.Build.0 = Debug|x64
		{874F2651-84BD-4D2D-A871-54840267B388}.Debug|x86.ActiveCfg = Debug|Win32
		{874F2651-84BD-4D2D-A871-54840267B388}.Debug|x86.Build.0 = Debug|Win32
		{874F2651-84BD-4D2D-A871-54840267B388}.Release|x64.ActiveCfg = Release|x64
		{874F2651-84BD-4D2D-A871-54840267B388}.Release|x64.Build.0 = Release|x64
		{874F2651-84BD-4D2D-A871-54840267B388}.Release|x86.ActiveCfg = Release|Win32
		{874F2651-84BD-4D2D-A871-54840267B388}.Release|x86.Build.0 = Release|Win32
		{5331834A-D1BF-45FC-ABBF-835BE9C16D29}.Debug|x64.ActiveCfg = Debug|x64
		{5331834A-D1BF-45FC-ABBF-835BE9C16D29}.Debug|x64.Build.0 = Debug|x64
		{5331834A-D1BF-45FC-ABBF-835BE9C16D29}.Debug|x86.ActiveCfg = Debug|Win32
		{5331834A-D1BF-45FC-ABBF-835BE9C16D29}.Debug|x86.Build.0 = Debug|Win32
		{5331834A-D1BF-45FC-ABBF-835BE9C16D29}.Release|x64.ActiveCfg = Release|x64
		{5331834A-D1BF-45FC-ABBF-835BE9C16D29}.Release|x64.Build.0 = Release|x64
		{5331834A-D1BF-45FC-ABBF-835BE9C16D29}.Release|x86.ActiveCfg = Release|Win32
		{5331834A-D1BF-45FC-ABBF-835BE9C16D29}.Release|x86.Build.0 = Release|Win32
		{DC190861-D565-405C-836F-6DB082CC95B2}.Debug|x64.ActiveCfg = Debug|x64
		{DC190861-D565-405C-836F-6DB082CC95B2}.Debug|x64.Build.0 = Debug|x64
		{DC190861-D565-405C-836F-6DB082CC95B2}.Debug|x86.ActiveCfg = Debug|Win32
		{DC190861-D565-405C-836F-6DB082CC95B2}.Debug|x86.Build.0 = Debug|Win32
		{DC190861-D565-405C-836F-6DB082CC95B2}.Release|x64.ActiveCfg = Release|x64
		{DC190861-D565-405C-836F-6DB082CC95B2}.Release|x64.Build.0 = Release|x64
		{DC190861-D565-405C-836F-6DB082CC95B2}.Release|x86.ActiveCfg = Release|Win32
		{DC190861-D565-405C-836F-6DB082CC95B2}.Release|x86.Build.0 = Release|Win32
	EndGlobalSection
	GlobalSection(SolutionProperties) = preSolution
		HideSolutionNode = FALSE
	EndGlobalSection
EndGlobal
